
Microsoft Visual Studio Solution File, Format Version 12.00
# Visual Studio 15
VisualStudioVersion = 15.8.28010.2048
MinimumVisualStudioVersion = 10.0.40219.1
Project("{FAE04EC0-301F-11D3-BF4B-00C04F79EFBC}") = "KneeImplantMAR", "KneeImplantMAR\KneeImplantMAR.csproj", "{13A45C13-3265-47B8-BC48-A553B569DF55}"
	ProjectSection(ProjectDependencies) = postProject
		{22bfb7d7-54dd-49a8-8db9-0029e43c7bf1} = {22bfb7d7-54dd-49a8-8db9-0029e43c7bf1}
		{9ee7b03f-062f-4be8-adeb-9c23807ea3f8} = {9ee7b03f-062f-4be8-adeb-9c23807ea3f8}
		{e4696c06-6e29-4cd7-933d-1e14a1df326b} = {e4696c06-6e29-4cd7-933d-1e14a1df326b}
		{50b2fa53-3083-403a-820c-a2eb7d75d8d4} = {50b2fa53-3083-403a-820c-a2eb7d75d8d4}
		{7ac45f4c-2175-4960-917f-aad41a79505c} = {7ac45f4c-2175-4960-917f-aad41a79505c}
	EndProjectSection
EndProject
Project("{FAE04EC0-301F-11D3-BF4B-00C04F79EFBC}") = "Assembly-CSharp", "E:\MEGA\MEGAsync\MAR\Exercises\KneeImplantMAR\App\GeneratedProjects\UWP\Assembly-CSharp\Assembly-CSharp.csproj", "{22bfb7d7-54dd-49a8-8db9-0029e43c7bf1}"
EndProject
Project("{FAE04EC0-301F-11D3-BF4B-00C04F79EFBC}") = "VuforiaScripts", "E:\MEGA\MEGAsync\MAR\Exercises\KneeImplantMAR\App\GeneratedProjects\UWP\VuforiaScripts\VuforiaScripts.csproj", "{9ee7b03f-062f-4be8-adeb-9c23807ea3f8}"
EndProject
Project("{FAE04EC0-301F-11D3-BF4B-00C04F79EFBC}") = "Unity.TextMeshPro", "E:\MEGA\MEGAsync\MAR\Exercises\KneeImplantMAR\App\GeneratedProjects\UWP\Unity.TextMeshPro\Unity.TextMeshPro.csproj", "{e4696c06-6e29-4cd7-933d-1e14a1df326b}"
EndProject
Project("{FAE04EC0-301F-11D3-BF4B-00C04F79EFBC}") = "Unity.Analytics.DataPrivacy", "E:\MEGA\MEGAsync\MAR\Exercises\KneeImplantMAR\App\GeneratedProjects\UWP\Unity.Analytics.DataPrivacy\Unity.Analytics.DataPrivacy.csproj", "{50b2fa53-3083-403a-820c-a2eb7d75d8d4}"
EndProject
Project("{FAE04EC0-301F-11D3-BF4B-00C04F79EFBC}") = "Unity.XR.WindowsMR", "E:\MEGA\MEGAsync\MAR\Exercises\KneeImplantMAR\App\GeneratedProjects\UWP\Unity.XR.WindowsMR\Unity.XR.WindowsMR.csproj", "{7ac45f4c-2175-4960-917f-aad41a79505c}"
EndProject
Global
	GlobalSection(SolutionConfigurationPlatforms) = preSolution
		Debug|ARM = Debug|ARM
		Debug|x64 = Debug|x64
		Debug|x86 = Debug|x86
		Master|ARM = Master|ARM
		Master|x64 = Master|x64
		Master|x86 = Master|x86
		Release|ARM = Release|ARM
		Release|x64 = Release|x64
		Release|x86 = Release|x86
	EndGlobalSection
	GlobalSection(ProjectConfigurationPlatforms) = postSolution
		{13A45C13-3265-47B8-BC48-A553B569DF55}.Debug|ARM.ActiveCfg = Debug|ARM
		{13A45C13-3265-47B8-BC48-A553B569DF55}.Debug|ARM.Build.0 = Debug|ARM
		{13A45C13-3265-47B8-BC48-A553B569DF55}.Debug|ARM.Deploy.0 = Debug|ARM
		{13A45C13-3265-47B8-BC48-A553B569DF55}.Debug|x64.ActiveCfg = Debug|x64
		{13A45C13-3265-47B8-BC48-A553B569DF55}.Debug|x64.Build.0 = Debug|x64
		{13A45C13-3265-47B8-BC48-A553B569DF55}.Debug|x64.Deploy.0 = Debug|x64
		{13A45C13-3265-47B8-BC48-A553B569DF55}.Debug|x86.ActiveCfg = Debug|x86
		{13A45C13-3265-47B8-BC48-A553B569DF55}.Debug|x86.Build.0 = Debug|x86
		{13A45C13-3265-47B8-BC48-A553B569DF55}.Debug|x86.Deploy.0 = Debug|x86
		{13A45C13-3265-47B8-BC48-A553B569DF55}.Master|ARM.ActiveCfg = Master|ARM
		{13A45C13-3265-47B8-BC48-A553B569DF55}.Master|ARM.Build.0 = Master|ARM
		{13A45C13-3265-47B8-BC48-A553B569DF55}.Master|ARM.Deploy.0 = Master|ARM
		{13A45C13-3265-47B8-BC48-A553B569DF55}.Master|x64.ActiveCfg = Master|x64
		{13A45C13-3265-47B8-BC48-A553B569DF55}.Master|x64.Build.0 = Master|x64
		{13A45C13-3265-47B8-BC48-A553B569DF55}.Master|x64.Deploy.0 = Master|x64
		{13A45C13-3265-47B8-BC48-A553B569DF55}.Master|x86.ActiveCfg = Master|x86
		{13A45C13-3265-47B8-BC48-A553B569DF55}.Master|x86.Build.0 = Master|x86
		{13A45C13-3265-47B8-BC48-A553B569DF55}.Master|x86.Deploy.0 = Master|x86
		{13A45C13-3265-47B8-BC48-A553B569DF55}.Release|ARM.ActiveCfg = Release|ARM
		{13A45C13-3265-47B8-BC48-A553B569DF55}.Release|ARM.Build.0 = Release|ARM
		{13A45C13-3265-47B8-BC48-A553B569DF55}.Release|ARM.Deploy.0 = Release|ARM
		{13A45C13-3265-47B8-BC48-A553B569DF55}.Release|x64.ActiveCfg = Release|x64
		{13A45C13-3265-47B8-BC48-A553B569DF55}.Release|x64.Build.0 = Release|x64
		{13A45C13-3265-47B8-BC48-A553B569DF55}.Release|x64.Deploy.0 = Release|x64
		{13A45C13-3265-47B8-BC48-A553B569DF55}.Release|x86.ActiveCfg = Release|x86
		{13A45C13-3265-47B8-BC48-A553B569DF55}.Release|x86.Build.0 = Release|x86
		{13A45C13-3265-47B8-BC48-A553B569DF55}.Release|x86.Deploy.0 = Release|x86
		{22bfb7d7-54dd-49a8-8db9-0029e43c7bf1}.Debug|x86.ActiveCfg = Debug|x86
		{22bfb7d7-54dd-49a8-8db9-0029e43c7bf1}.Debug|x86.Build.0 = Debug|x86
		{22bfb7d7-54dd-49a8-8db9-0029e43c7bf1}.Release|x86.ActiveCfg = Release|x86
		{22bfb7d7-54dd-49a8-8db9-0029e43c7bf1}.Release|x86.Build.0 = Release|x86
		{22bfb7d7-54dd-49a8-8db9-0029e43c7bf1}.Master|x86.ActiveCfg = Master|x86
		{22bfb7d7-54dd-49a8-8db9-0029e43c7bf1}.Master|x86.Build.0 = Master|x86
		{22bfb7d7-54dd-49a8-8db9-0029e43c7bf1}.Debug|x64.ActiveCfg = Debug|x64
		{22bfb7d7-54dd-49a8-8db9-0029e43c7bf1}.Debug|x64.Build.0 = Debug|x64
		{22bfb7d7-54dd-49a8-8db9-0029e43c7bf1}.Release|x64.ActiveCfg = Release|x64
		{22bfb7d7-54dd-49a8-8db9-0029e43c7bf1}.Release|x64.Build.0 = Release|x64
		{22bfb7d7-54dd-49a8-8db9-0029e43c7bf1}.Master|x64.ActiveCfg = Master|x64
		{22bfb7d7-54dd-49a8-8db9-0029e43c7bf1}.Master|x64.Build.0 = Master|x64
		{22bfb7d7-54dd-49a8-8db9-0029e43c7bf1}.Debug|ARM.ActiveCfg = Debug|ARM
		{22bfb7d7-54dd-49a8-8db9-0029e43c7bf1}.Debug|ARM.Build.0 = Debug|ARM
		{22bfb7d7-54dd-49a8-8db9-0029e43c7bf1}.Release|ARM.ActiveCfg = Release|ARM
		{22bfb7d7-54dd-49a8-8db9-0029e43c7bf1}.Release|ARM.Build.0 = Release|ARM
		{22bfb7d7-54dd-49a8-8db9-0029e43c7bf1}.Master|ARM.ActiveCfg = Master|ARM
		{22bfb7d7-54dd-49a8-8db9-0029e43c7bf1}.Master|ARM.Build.0 = Master|ARM
		{9ee7b03f-062f-4be8-adeb-9c23807ea3f8}.Debug|x86.ActiveCfg = Debug|x86
		{9ee7b03f-062f-4be8-adeb-9c23807ea3f8}.Debug|x86.Build.0 = Debug|x86
		{9ee7b03f-062f-4be8-adeb-9c23807ea3f8}.Release|x86.ActiveCfg = Release|x86
		{9ee7b03f-062f-4be8-adeb-9c23807ea3f8}.Release|x86.Build.0 = Release|x86
		{9ee7b03f-062f-4be8-adeb-9c23807ea3f8}.Master|x86.ActiveCfg = Master|x86
		{9ee7b03f-062f-4be8-adeb-9c23807ea3f8}.Master|x86.Build.0 = Master|x86
		{9ee7b03f-062f-4be8-adeb-9c23807ea3f8}.Debug|x64.ActiveCfg = Debug|x64
		{9ee7b03f-062f-4be8-adeb-9c23807ea3f8}.Debug|x64.Build.0 = Debug|x64
		{9ee7b03f-062f-4be8-adeb-9c23807ea3f8}.Release|x64.ActiveCfg = Release|x64
		{9ee7b03f-062f-4be8-adeb-9c23807ea3f8}.Release|x64.Build.0 = Release|x64
		{9ee7b03f-062f-4be8-adeb-9c23807ea3f8}.Master|x64.ActiveCfg = Master|x64
		{9ee7b03f-062f-4be8-adeb-9c23807ea3f8}.Master|x64.Build.0 = Master|x64
		{9ee7b03f-062f-4be8-adeb-9c23807ea3f8}.Debug|ARM.ActiveCfg = Debug|ARM
		{9ee7b03f-062f-4be8-adeb-9c23807ea3f8}.Debug|ARM.Build.0 = Debug|ARM
		{9ee7b03f-062f-4be8-adeb-9c23807ea3f8}.Release|ARM.ActiveCfg = Release|ARM
		{9ee7b03f-062f-4be8-adeb-9c23807ea3f8}.Release|ARM.Build.0 = Release|ARM
		{9ee7b03f-062f-4be8-adeb-9c23807ea3f8}.Master|ARM.ActiveCfg = Master|ARM
		{9ee7b03f-062f-4be8-adeb-9c23807ea3f8}.Master|ARM.Build.0 = Master|ARM
		{e4696c06-6e29-4cd7-933d-1e14a1df326b}.Debug|x86.ActiveCfg = Debug|x86
		{e4696c06-6e29-4cd7-933d-1e14a1df326b}.Debug|x86.Build.0 = Debug|x86
		{e4696c06-6e29-4cd7-933d-1e14a1df326b}.Release|x86.ActiveCfg = Release|x86
		{e4696c06-6e29-4cd7-933d-1e14a1df326b}.Release|x86.Build.0 = Release|x86
		{e4696c06-6e29-4cd7-933d-1e14a1df326b}.Master|x86.ActiveCfg = Master|x86
		{e4696c06-6e29-4cd7-933d-1e14a1df326b}.Master|x86.Build.0 = Master|x86
		{e4696c06-6e29-4cd7-933d-1e14a1df326b}.Debug|x64.ActiveCfg = Debug|x64
		{e4696c06-6e29-4cd7-933d-1e14a1df326b}.Debug|x64.Build.0 = Debug|x64
		{e4696c06-6e29-4cd7-933d-1e14a1df326b}.Release|x64.ActiveCfg = Release|x64
		{e4696c06-6e29-4cd7-933d-1e14a1df326b}.Release|x64.Build.0 = Release|x64
		{e4696c06-6e29-4cd7-933d-1e14a1df326b}.Master|x64.ActiveCfg = Master|x64
		{e4696c06-6e29-4cd7-933d-1e14a1df326b}.Master|x64.Build.0 = Master|x64
		{e4696c06-6e29-4cd7-933d-1e14a1df326b}.Debug|ARM.ActiveCfg = Debug|ARM
		{e4696c06-6e29-4cd7-933d-1e14a1df326b}.Debug|ARM.Build.0 = Debug|ARM
		{e4696c06-6e29-4cd7-933d-1e14a1df326b}.Release|ARM.ActiveCfg = Release|ARM
		{e4696c06-6e29-4cd7-933d-1e14a1df326b}.Release|ARM.Build.0 = Release|ARM
		{e4696c06-6e29-4cd7-933d-1e14a1df326b}.Master|ARM.ActiveCfg = Master|ARM
		{e4696c06-6e29-4cd7-933d-1e14a1df326b}.Master|ARM.Build.0 = Master|ARM
		{50b2fa53-3083-403a-820c-a2eb7d75d8d4}.Debug|x86.ActiveCfg = Debug|x86
		{50b2fa53-3083-403a-820c-a2eb7d75d8d4}.Debug|x86.Build.0 = Debug|x86
		{50b2fa53-3083-403a-820c-a2eb7d75d8d4}.Release|x86.ActiveCfg = Release|x86
		{50b2fa53-3083-403a-820c-a2eb7d75d8d4}.Release|x86.Build.0 = Release|x86
		{50b2fa53-3083-403a-820c-a2eb7d75d8d4}.Master|x86.ActiveCfg = Master|x86
		{50b2fa53-3083-403a-820c-a2eb7d75d8d4}.Master|x86.Build.0 = Master|x86
		{50b2fa53-3083-403a-820c-a2eb7d75d8d4}.Debug|x64.ActiveCfg = Debug|x64
		{50b2fa53-3083-403a-820c-a2eb7d75d8d4}.Debug|x64.Build.0 = Debug|x64
		{50b2fa53-3083-403a-820c-a2eb7d75d8d4}.Release|x64.ActiveCfg = Release|x64
		{50b2fa53-3083-403a-820c-a2eb7d75d8d4}.Release|x64.Build.0 = Release|x64
		{50b2fa53-3083-403a-820c-a2eb7d75d8d4}.Master|x64.ActiveCfg = Master|x64
		{50b2fa53-3083-403a-820c-a2eb7d75d8d4}.Master|x64.Build.0 = Master|x64
		{50b2fa53-3083-403a-820c-a2eb7d75d8d4}.Debug|ARM.ActiveCfg = Debug|ARM
		{50b2fa53-3083-403a-820c-a2eb7d75d8d4}.Debug|ARM.Build.0 = Debug|ARM
		{50b2fa53-3083-403a-820c-a2eb7d75d8d4}.Release|ARM.ActiveCfg = Release|ARM
		{50b2fa53-3083-403a-820c-a2eb7d75d8d4}.Release|ARM.Build.0 = Release|ARM
		{50b2fa53-3083-403a-820c-a2eb7d75d8d4}.Master|ARM.ActiveCfg = Master|ARM
		{50b2fa53-3083-403a-820c-a2eb7d75d8d4}.Master|ARM.Build.0 = Master|ARM
		{7ac45f4c-2175-4960-917f-aad41a79505c}.Debug|x86.ActiveCfg = Debug|x86
		{7ac45f4c-2175-4960-917f-aad41a79505c}.Debug|x86.Build.0 = Debug|x86
		{7ac45f4c-2175-4960-917f-aad41a79505c}.Release|x86.ActiveCfg = Release|x86
		{7ac45f4c-2175-4960-917f-aad41a79505c}.Release|x86.Build.0 = Release|x86
		{7ac45f4c-2175-4960-917f-aad41a79505c}.Master|x86.ActiveCfg = Master|x86
		{7ac45f4c-2175-4960-917f-aad41a79505c}.Master|x86.Build.0 = Master|x86
		{7ac45f4c-2175-4960-917f-aad41a79505c}.Debug|x64.ActiveCfg = Debug|x64
		{7ac45f4c-2175-4960-917f-aad41a79505c}.Debug|x64.Build.0 = Debug|x64
		{7ac45f4c-2175-4960-917f-aad41a79505c}.Release|x64.ActiveCfg = Release|x64
		{7ac45f4c-2175-4960-917f-aad41a79505c}.Release|x64.Build.0 = Release|x64
		{7ac45f4c-2175-4960-917f-aad41a79505c}.Master|x64.ActiveCfg = Master|x64
		{7ac45f4c-2175-4960-917f-aad41a79505c}.Master|x64.Build.0 = Master|x64
		{7ac45f4c-2175-4960-917f-aad41a79505c}.Debug|ARM.ActiveCfg = Debug|ARM
		{7ac45f4c-2175-4960-917f-aad41a79505c}.Debug|ARM.Build.0 = Debug|ARM
		{7ac45f4c-2175-4960-917f-aad41a79505c}.Release|ARM.ActiveCfg = Release|ARM
		{7ac45f4c-2175-4960-917f-aad41a79505c}.Release|ARM.Build.0 = Release|ARM
		{7ac45f4c-2175-4960-917f-aad41a79505c}.Master|ARM.ActiveCfg = Master|ARM
		{7ac45f4c-2175-4960-917f-aad41a79505c}.Master|ARM.Build.0 = Master|ARM
 EndGlobalSection
	GlobalSection(SolutionProperties) = preSolution
		HideSolutionNode = FALSE
	EndGlobalSection
EndGlobal
